
Microsoft Visual Studio Solution File, Format Version 12.00
# Visual Studio Version 17
VisualStudioVersion = 17.6.33801.468
MinimumVisualStudioVersion = 10.0.40219.1
Project("{9A19103F-16F7-4668-BE54-9A1E7A4F7556}") = "ThomazinConstrucoes", "ThomazinConstrucoes\ThomazinConstrucoes.csproj", "{084C09D6-7C5A-4315-B379-6FB903CFECCF}"
EndProject
Project("{9A19103F-16F7-4668-BE54-9A1E7A4F7556}") = "ThomazinConstrucoes.Business", "ThomazinConstrucoes.Business\ThomazinConstrucoes.Business.csproj", "{71BB85DB-0D68-48BB-9F3B-6A1AA93E9924}"
EndProject
Project("{9A19103F-16F7-4668-BE54-9A1E7A4F7556}") = "ThomazinConstrucoes.Data", "ThomazinConstrucoes.Data\ThomazinConstrucoes.Data\ThomazinConstrucoes.Data.csproj", "{CD121510-E265-42B2-A446-6BB60664B91B}"
EndProject
Global
	GlobalSection(SolutionConfigurationPlatforms) = preSolution
		Debug|Any CPU = Debug|Any CPU
		Release|Any CPU = Release|Any CPU
	EndGlobalSection
	GlobalSection(ProjectConfigurationPlatforms) = postSolution
		{084C09D6-7C5A-4315-B379-6FB903CFECCF}.Debug|Any CPU.ActiveCfg = Debug|Any CPU
		{084C09D6-7C5A-4315-B379-6FB903CFECCF}.Debug|Any CPU.Build.0 = Debug|Any CPU
		{084C09D6-7C5A-4315-B379-6FB903CFECCF}.Release|Any CPU.ActiveCfg = Release|Any CPU
		{084C09D6-7C5A-4315-B379-6FB903CFECCF}.Release|Any CPU.Build.0 = Release|Any CPU
		{71BB85DB-0D68-48BB-9F3B-6A1AA93E9924}.Debug|Any CPU.ActiveCfg = Debug|Any CPU
		{71BB85DB-0D68-48BB-9F3B-6A1AA93E9924}.Debug|Any CPU.Build.0 = Debug|Any CPU
		{71BB85DB-0D68-48BB-9F3B-6A1AA93E9924}.Release|Any CPU.ActiveCfg = Release|Any CPU
		{71BB85DB-0D68-48BB-9F3B-6A1AA93E9924}.Release|Any CPU.Build.0 = Release|Any CPU
		{CD121510-E265-42B2-A446-6BB60664B91B}.Debug|Any CPU.ActiveCfg = Debug|Any CPU
		{CD121510-E265-42B2-A446-6BB60664B91B}.Debug|Any CPU.Build.0 = Debug|Any CPU
		{CD121510-E265-42B2-A446-6BB60664B91B}.Release|Any CPU.ActiveCfg = Release|Any CPU
		{CD121510-E265-42B2-A446-6BB60664B91B}.Release|Any CPU.Build.0 = Release|Any CPU
	EndGlobalSection
	GlobalSection(SolutionProperties) = preSolution
		HideSolutionNode = FALSE
	EndGlobalSection
	GlobalSection(ExtensibilityGlobals) = postSolution
		SolutionGuid = {5800782C-ED90-4827-91F6-3565DE4A0BDF}
	EndGlobalSection
EndGlobal
